
Microsoft Visual Studio Solution File, Format Version 12.00
# Visual Studio Version 16
VisualStudioVersion = 16.0.29424.173
MinimumVisualStudioVersion = 10.0.40219.1
Project("{FAE04EC0-301F-11D3-BF4B-00C04F79EFBC}") = "APIBoletim", "APIBoletim.csproj", "{6685CD6F-35A4-4794-BC54-0C8216168C12}"
EndProject
Global
	GlobalSection(SolutionConfigurationPlatforms) = preSolution
		Debug|Any CPU = Debug|Any CPU
		Release|Any CPU = Release|Any CPU
	EndGlobalSection
	GlobalSection(ProjectConfigurationPlatforms) = postSolution
		{6685CD6F-35A4-4794-BC54-0C8216168C12}.Debug|Any CPU.ActiveCfg = Debug|Any CPU
		{6685CD6F-35A4-4794-BC54-0C8216168C12}.Debug|Any CPU.Build.0 = Debug|Any CPU
		{6685CD6F-35A4-4794-BC54-0C8216168C12}.Release|Any CPU.ActiveCfg = Release|Any CPU
		{6685CD6F-35A4-4794-BC54-0C8216168C12}.Release|Any CPU.Build.0 = Release|Any CPU
	EndGlobalSection
	GlobalSection(SolutionProperties) = preSolution
		HideSolutionNode = FALSE
	EndGlobalSection
	GlobalSection(ExtensibilityGlobals) = postSolution
		SolutionGuid = {2D5E0B38-78F8-4055-AE12-F91C4AEF9D96}
	EndGlobalSection
EndGlobal
